// !$*UTF8*$!
{
	archiveVersion = 1;
	classes = {
	};
	objectVersion = 51;
	objects = {

/* Begin PBXBuildFile section */
		1B79384F24FC823900147AC3 /* AppDelegate.swift in Sources */ = {isa = PBXBuildFile; fileRef = 1B79384E24FC823900147AC3 /* AppDelegate.swift */; };
		1B79385124FC823900147AC3 /* SceneDelegate.swift in Sources */ = {isa = PBXBuildFile; fileRef = 1B79385024FC823900147AC3 /* SceneDelegate.swift */; };
		1B79385324FC823900147AC3 /* ViewController.swift in Sources */ = {isa = PBXBuildFile; fileRef = 1B79385224FC823900147AC3 /* ViewController.swift */; };
		1B79385624FC823900147AC3 /* Main.storyboard in Resources */ = {isa = PBXBuildFile; fileRef = 1B79385424FC823900147AC3 /* Main.storyboard */; };
		1B79385924FC823900147AC3 /* kbuniform.xcdatamodeld in Sources */ = {isa = PBXBuildFile; fileRef = 1B79385724FC823900147AC3 /* kbuniform.xcdatamodeld */; };
		1B79385B24FC823A00147AC3 /* Assets.xcassets in Resources */ = {isa = PBXBuildFile; fileRef = 1B79385A24FC823A00147AC3 /* Assets.xcassets */; };
		1B79385E24FC823A00147AC3 /* LaunchScreen.storyboard in Resources */ = {isa = PBXBuildFile; fileRef = 1B79385C24FC823A00147AC3 /* LaunchScreen.storyboard */; };
		1B79386624FC84DE00147AC3 /* GoogleService-Info.plist in Resources */ = {isa = PBXBuildFile; fileRef = 1B79386524FC84DD00147AC3 /* GoogleService-Info.plist */; };
		1B79386F24FCDE6F00147AC3 /* NotificationService.swift in Sources */ = {isa = PBXBuildFile; fileRef = 1B79386E24FCDE6F00147AC3 /* NotificationService.swift */; };
		1B79387324FCDE6F00147AC3 /* NotificationServiceExtension.appex in Embed App Extensions */ = {isa = PBXBuildFile; fileRef = 1B79386C24FCDE6F00147AC3 /* NotificationServiceExtension.appex */; settings = {ATTRIBUTES = (RemoveHeadersOnCopy, ); }; };
		1B79387E24FDF77100147AC3 /* UserNotifications.framework in Frameworks */ = {isa = PBXBuildFile; fileRef = 1B79387D24FDF77100147AC3 /* UserNotifications.framework */; };
		1B79388024FDF77100147AC3 /* UserNotificationsUI.framework in Frameworks */ = {isa = PBXBuildFile; fileRef = 1B79387F24FDF77100147AC3 /* UserNotificationsUI.framework */; };
		1B79388324FDF77100147AC3 /* NotificationViewController.swift in Sources */ = {isa = PBXBuildFile; fileRef = 1B79388224FDF77100147AC3 /* NotificationViewController.swift */; };
		1B79388624FDF77100147AC3 /* MainInterface.storyboard in Resources */ = {isa = PBXBuildFile; fileRef = 1B79388424FDF77100147AC3 /* MainInterface.storyboard */; };
		1B79388A24FDF77100147AC3 /* NotificationContentExtension.appex in Embed App Extensions */ = {isa = PBXBuildFile; fileRef = 1B79387C24FDF77100147AC3 /* NotificationContentExtension.appex */; settings = {ATTRIBUTES = (RemoveHeadersOnCopy, ); }; };
		1BA6B54924FF35940040B183 /* NotificationCenter.framework in Frameworks */ = {isa = PBXBuildFile; fileRef = 1BA6B54824FF35940040B183 /* NotificationCenter.framework */; };
		1BA6B54C24FF35940040B183 /* TodayViewController.swift in Sources */ = {isa = PBXBuildFile; fileRef = 1BA6B54B24FF35940040B183 /* TodayViewController.swift */; };
		1BA6B54F24FF35940040B183 /* MainInterface.storyboard in Resources */ = {isa = PBXBuildFile; fileRef = 1BA6B54D24FF35940040B183 /* MainInterface.storyboard */; };
		1BA6B55324FF35940040B183 /* Widget.appex in Embed App Extensions */ = {isa = PBXBuildFile; fileRef = 1BA6B54724FF35940040B183 /* Widget.appex */; settings = {ATTRIBUTES = (RemoveHeadersOnCopy, ); }; };
		8EE9DBF59E5263D34C440AA8 /* Pods_kbuniform.framework in Frameworks */ = {isa = PBXBuildFile; fileRef = 83F461015BEB4A393A105FA0 /* Pods_kbuniform.framework */; };
		A502ABF5AB53094BE0F26F45 /* Pods_NotificationServiceExtension.framework in Frameworks */ = {isa = PBXBuildFile; fileRef = 7489364C83E309B728E78E2B /* Pods_NotificationServiceExtension.framework */; };
/* End PBXBuildFile section */

/* Begin PBXContainerItemProxy section */
		1B79387124FCDE6F00147AC3 /* PBXContainerItemProxy */ = {
			isa = PBXContainerItemProxy;
			containerPortal = 1B79384324FC823900147AC3 /* Project object */;
			proxyType = 1;
			remoteGlobalIDString = 1B79386B24FCDE6F00147AC3;
			remoteInfo = NotificationServiceExtension;
		};
		1B79388824FDF77100147AC3 /* PBXContainerItemProxy */ = {
			isa = PBXContainerItemProxy;
			containerPortal = 1B79384324FC823900147AC3 /* Project object */;
			proxyType = 1;
			remoteGlobalIDString = 1B79387B24FDF77100147AC3;
			remoteInfo = NotificationContentExtension;
		};
		1BA6B55124FF35940040B183 /* PBXContainerItemProxy */ = {
			isa = PBXContainerItemProxy;
			containerPortal = 1B79384324FC823900147AC3 /* Project object */;
			proxyType = 1;
			remoteGlobalIDString = 1BA6B54624FF35940040B183;
			remoteInfo = Widget;
		};
/* End PBXContainerItemProxy section */

/* Begin PBXCopyFilesBuildPhase section */
		1B79387724FCDE6F00147AC3 /* Embed App Extensions */ = {
			isa = PBXCopyFilesBuildPhase;
			buildActionMask = 2147483647;
			dstPath = "";
			dstSubfolderSpec = 13;
			files = (
				1B79387324FCDE6F00147AC3 /* NotificationServiceExtension.appex in Embed App Extensions */,
				1BA6B55324FF35940040B183 /* Widget.appex in Embed App Extensions */,
				1B79388A24FDF77100147AC3 /* NotificationContentExtension.appex in Embed App Extensions */,
			);
			name = "Embed App Extensions";
			runOnlyForDeploymentPostprocessing = 0;
		};
/* End PBXCopyFilesBuildPhase section */

/* Begin PBXFileReference section */
		0CE18FDE6D763890EB86C11D /* Pods-kbuniform.release.xcconfig */ = {isa = PBXFileReference; includeInIndex = 1; lastKnownFileType = text.xcconfig; name = "Pods-kbuniform.release.xcconfig"; path = "Target Support Files/Pods-kbuniform/Pods-kbuniform.release.xcconfig"; sourceTree = "<group>"; };
		1B79384B24FC823900147AC3 /* kbuniform.app */ = {isa = PBXFileReference; explicitFileType = wrapper.application; includeInIndex = 0; path = kbuniform.app; sourceTree = BUILT_PRODUCTS_DIR; };
		1B79384E24FC823900147AC3 /* AppDelegate.swift */ = {isa = PBXFileReference; lastKnownFileType = sourcecode.swift; path = AppDelegate.swift; sourceTree = "<group>"; };
		1B79385024FC823900147AC3 /* SceneDelegate.swift */ = {isa = PBXFileReference; lastKnownFileType = sourcecode.swift; path = SceneDelegate.swift; sourceTree = "<group>"; };
		1B79385224FC823900147AC3 /* ViewController.swift */ = {isa = PBXFileReference; lastKnownFileType = sourcecode.swift; path = ViewController.swift; sourceTree = "<group>"; };
		1B79385524FC823900147AC3 /* Base */ = {isa = PBXFileReference; lastKnownFileType = file.storyboard; name = Base; path = Base.lproj/Main.storyboard; sourceTree = "<group>"; };
		1B79385824FC823900147AC3 /* kbuniform.xcdatamodel */ = {isa = PBXFileReference; lastKnownFileType = wrapper.xcdatamodel; path = kbuniform.xcdatamodel; sourceTree = "<group>"; };
		1B79385A24FC823A00147AC3 /* Assets.xcassets */ = {isa = PBXFileReference; lastKnownFileType = folder.assetcatalog; path = Assets.xcassets; sourceTree = "<group>"; };
		1B79385D24FC823A00147AC3 /* Base */ = {isa = PBXFileReference; lastKnownFileType = file.storyboard; name = Base; path = Base.lproj/LaunchScreen.storyboard; sourceTree = "<group>"; };
		1B79385F24FC823A00147AC3 /* Info.plist */ = {isa = PBXFileReference; lastKnownFileType = text.plist.xml; path = Info.plist; sourceTree = "<group>"; };
		1B79386524FC84DD00147AC3 /* GoogleService-Info.plist */ = {isa = PBXFileReference; fileEncoding = 4; lastKnownFileType = text.plist.xml; path = "GoogleService-Info.plist"; sourceTree = "<group>"; };
		1B79386724FC9B2900147AC3 /* kbuniform.entitlements */ = {isa = PBXFileReference; lastKnownFileType = text.plist.entitlements; path = kbuniform.entitlements; sourceTree = "<group>"; };
		1B79386C24FCDE6F00147AC3 /* NotificationServiceExtension.appex */ = {isa = PBXFileReference; explicitFileType = "wrapper.app-extension"; includeInIndex = 0; path = NotificationServiceExtension.appex; sourceTree = BUILT_PRODUCTS_DIR; };
		1B79386E24FCDE6F00147AC3 /* NotificationService.swift */ = {isa = PBXFileReference; lastKnownFileType = sourcecode.swift; path = NotificationService.swift; sourceTree = "<group>"; };
		1B79387024FCDE6F00147AC3 /* Info.plist */ = {isa = PBXFileReference; lastKnownFileType = text.plist.xml; path = Info.plist; sourceTree = "<group>"; };
		1B79387C24FDF77100147AC3 /* NotificationContentExtension.appex */ = {isa = PBXFileReference; explicitFileType = "wrapper.app-extension"; includeInIndex = 0; path = NotificationContentExtension.appex; sourceTree = BUILT_PRODUCTS_DIR; };
		1B79387D24FDF77100147AC3 /* UserNotifications.framework */ = {isa = PBXFileReference; lastKnownFileType = wrapper.framework; name = UserNotifications.framework; path = System/Library/Frameworks/UserNotifications.framework; sourceTree = SDKROOT; };
		1B79387F24FDF77100147AC3 /* UserNotificationsUI.framework */ = {isa = PBXFileReference; lastKnownFileType = wrapper.framework; name = UserNotificationsUI.framework; path = System/Library/Frameworks/UserNotificationsUI.framework; sourceTree = SDKROOT; };
		1B79388224FDF77100147AC3 /* NotificationViewController.swift */ = {isa = PBXFileReference; lastKnownFileType = sourcecode.swift; path = NotificationViewController.swift; sourceTree = "<group>"; };
		1B79388524FDF77100147AC3 /* Base */ = {isa = PBXFileReference; lastKnownFileType = file.storyboard; name = Base; path = Base.lproj/MainInterface.storyboard; sourceTree = "<group>"; };
		1B79388724FDF77100147AC3 /* Info.plist */ = {isa = PBXFileReference; lastKnownFileType = text.plist.xml; path = Info.plist; sourceTree = "<group>"; };
		1BA6B54724FF35940040B183 /* Widget.appex */ = {isa = PBXFileReference; explicitFileType = "wrapper.app-extension"; includeInIndex = 0; path = Widget.appex; sourceTree = BUILT_PRODUCTS_DIR; };
		1BA6B54824FF35940040B183 /* NotificationCenter.framework */ = {isa = PBXFileReference; lastKnownFileType = wrapper.framework; name = NotificationCenter.framework; path = System/Library/Frameworks/NotificationCenter.framework; sourceTree = SDKROOT; };
		1BA6B54B24FF35940040B183 /* TodayViewController.swift */ = {isa = PBXFileReference; lastKnownFileType = sourcecode.swift; path = TodayViewController.swift; sourceTree = "<group>"; };
		1BA6B54E24FF35940040B183 /* Base */ = {isa = PBXFileReference; lastKnownFileType = file.storyboard; name = Base; path = Base.lproj/MainInterface.storyboard; sourceTree = "<group>"; };
		1BA6B55024FF35940040B183 /* Info.plist */ = {isa = PBXFileReference; lastKnownFileType = text.plist.xml; path = Info.plist; sourceTree = "<group>"; };
		548BA2D8FA30404DA76DF697 /* Pods-NotificationServiceExtension.debug.xcconfig */ = {isa = PBXFileReference; includeInIndex = 1; lastKnownFileType = text.xcconfig; name = "Pods-NotificationServiceExtension.debug.xcconfig"; path = "Target Support Files/Pods-NotificationServiceExtension/Pods-NotificationServiceExtension.debug.xcconfig"; sourceTree = "<group>"; };
		7489364C83E309B728E78E2B /* Pods_NotificationServiceExtension.framework */ = {isa = PBXFileReference; explicitFileType = wrapper.framework; includeInIndex = 0; path = Pods_NotificationServiceExtension.framework; sourceTree = BUILT_PRODUCTS_DIR; };
		83F461015BEB4A393A105FA0 /* Pods_kbuniform.framework */ = {isa = PBXFileReference; explicitFileType = wrapper.framework; includeInIndex = 0; path = Pods_kbuniform.framework; sourceTree = BUILT_PRODUCTS_DIR; };
		B95F746416C689F2793C6CF8 /* Pods-NotificationServiceExtension.release.xcconfig */ = {isa = PBXFileReference; includeInIndex = 1; lastKnownFileType = text.xcconfig; name = "Pods-NotificationServiceExtension.release.xcconfig"; path = "Target Support Files/Pods-NotificationServiceExtension/Pods-NotificationServiceExtension.release.xcconfig"; sourceTree = "<group>"; };
		F23553B7E6A530563CCD18EC /* Pods-kbuniform.debug.xcconfig */ = {isa = PBXFileReference; includeInIndex = 1; lastKnownFileType = text.xcconfig; name = "Pods-kbuniform.debug.xcconfig"; path = "Target Support Files/Pods-kbuniform/Pods-kbuniform.debug.xcconfig"; sourceTree = "<group>"; };
/* End PBXFileReference section */

/* Begin PBXFrameworksBuildPhase section */
		1B79384824FC823900147AC3 /* Frameworks */ = {
			isa = PBXFrameworksBuildPhase;
			buildActionMask = 2147483647;
			files = (
				8EE9DBF59E5263D34C440AA8 /* Pods_kbuniform.framework in Frameworks */,
			);
			runOnlyForDeploymentPostprocessing = 0;
		};
		1B79386924FCDE6F00147AC3 /* Frameworks */ = {
			isa = PBXFrameworksBuildPhase;
			buildActionMask = 2147483647;
			files = (
				A502ABF5AB53094BE0F26F45 /* Pods_NotificationServiceExtension.framework in Frameworks */,
			);
			runOnlyForDeploymentPostprocessing = 0;
		};
		1B79387924FDF77100147AC3 /* Frameworks */ = {
			isa = PBXFrameworksBuildPhase;
			buildActionMask = 2147483647;
			files = (
				1B79388024FDF77100147AC3 /* UserNotificationsUI.framework in Frameworks */,
				1B79387E24FDF77100147AC3 /* UserNotifications.framework in Frameworks */,
			);
			runOnlyForDeploymentPostprocessing = 0;
		};
		1BA6B54424FF35940040B183 /* Frameworks */ = {
			isa = PBXFrameworksBuildPhase;
			buildActionMask = 2147483647;
			files = (
				1BA6B54924FF35940040B183 /* NotificationCenter.framework in Frameworks */,
			);
			runOnlyForDeploymentPostprocessing = 0;
		};
/* End PBXFrameworksBuildPhase section */

/* Begin PBXGroup section */
		1B79384224FC823900147AC3 = {
			isa = PBXGroup;
			children = (
				1B79384D24FC823900147AC3 /* kbuniform */,
				1B79386D24FCDE6F00147AC3 /* NotificationServiceExtension */,
				1B79388124FDF77100147AC3 /* NotificationContentExtension */,
				1BA6B54A24FF35940040B183 /* Widget */,
				1B79384C24FC823900147AC3 /* Products */,
				F26D69B02DFBF9643F334822 /* Pods */,
				559C729A26EF2B8326B6DA55 /* Frameworks */,
			);
			sourceTree = "<group>";
		};
		1B79384C24FC823900147AC3 /* Products */ = {
			isa = PBXGroup;
			children = (
				1B79384B24FC823900147AC3 /* kbuniform.app */,
				1B79386C24FCDE6F00147AC3 /* NotificationServiceExtension.appex */,
				1B79387C24FDF77100147AC3 /* NotificationContentExtension.appex */,
				1BA6B54724FF35940040B183 /* Widget.appex */,
			);
			name = Products;
			sourceTree = "<group>";
		};
		1B79384D24FC823900147AC3 /* kbuniform */ = {
			isa = PBXGroup;
			children = (
				1B79386724FC9B2900147AC3 /* kbuniform.entitlements */,
				1B79384E24FC823900147AC3 /* AppDelegate.swift */,
				1B79385024FC823900147AC3 /* SceneDelegate.swift */,
				1B79385224FC823900147AC3 /* ViewController.swift */,
				1B79385424FC823900147AC3 /* Main.storyboard */,
				1B79385A24FC823A00147AC3 /* Assets.xcassets */,
				1B79385C24FC823A00147AC3 /* LaunchScreen.storyboard */,
				1B79385F24FC823A00147AC3 /* Info.plist */,
				1B79386524FC84DD00147AC3 /* GoogleService-Info.plist */,
				1B79385724FC823900147AC3 /* kbuniform.xcdatamodeld */,
			);
			path = kbuniform;
			sourceTree = "<group>";
		};
		1B79386D24FCDE6F00147AC3 /* NotificationServiceExtension */ = {
			isa = PBXGroup;
			children = (
				1B79386E24FCDE6F00147AC3 /* NotificationService.swift */,
				1B79387024FCDE6F00147AC3 /* Info.plist */,
			);
			path = NotificationServiceExtension;
			sourceTree = "<group>";
		};
		1B79388124FDF77100147AC3 /* NotificationContentExtension */ = {
			isa = PBXGroup;
			children = (
				1B79388224FDF77100147AC3 /* NotificationViewController.swift */,
				1B79388424FDF77100147AC3 /* MainInterface.storyboard */,
				1B79388724FDF77100147AC3 /* Info.plist */,
			);
			path = NotificationContentExtension;
			sourceTree = "<group>";
		};
		1BA6B54A24FF35940040B183 /* Widget */ = {
			isa = PBXGroup;
			children = (
				1BA6B54B24FF35940040B183 /* TodayViewController.swift */,
				1BA6B54D24FF35940040B183 /* MainInterface.storyboard */,
				1BA6B55024FF35940040B183 /* Info.plist */,
			);
			path = Widget;
			sourceTree = "<group>";
		};
		559C729A26EF2B8326B6DA55 /* Frameworks */ = {
			isa = PBXGroup;
			children = (
				83F461015BEB4A393A105FA0 /* Pods_kbuniform.framework */,
				7489364C83E309B728E78E2B /* Pods_NotificationServiceExtension.framework */,
				1B79387D24FDF77100147AC3 /* UserNotifications.framework */,
				1B79387F24FDF77100147AC3 /* UserNotificationsUI.framework */,
				1BA6B54824FF35940040B183 /* NotificationCenter.framework */,
			);
			name = Frameworks;
			sourceTree = "<group>";
		};
		F26D69B02DFBF9643F334822 /* Pods */ = {
			isa = PBXGroup;
			children = (
				F23553B7E6A530563CCD18EC /* Pods-kbuniform.debug.xcconfig */,
				0CE18FDE6D763890EB86C11D /* Pods-kbuniform.release.xcconfig */,
				548BA2D8FA30404DA76DF697 /* Pods-NotificationServiceExtension.debug.xcconfig */,
				B95F746416C689F2793C6CF8 /* Pods-NotificationServiceExtension.release.xcconfig */,
			);
			path = Pods;
			sourceTree = "<group>";
		};
/* End PBXGroup section */

/* Begin PBXNativeTarget section */
		1B79384A24FC823900147AC3 /* kbuniform */ = {
			isa = PBXNativeTarget;
			buildConfigurationList = 1B79386224FC823A00147AC3 /* Build configuration list for PBXNativeTarget "kbuniform" */;
			buildPhases = (
				444863663D844D035694BB12 /* [CP] Check Pods Manifest.lock */,
				1B79384724FC823900147AC3 /* Sources */,
				1B79384824FC823900147AC3 /* Frameworks */,
				1B79384924FC823900147AC3 /* Resources */,
				23D68F0E9F43F6160C03211F /* [CP] Embed Pods Frameworks */,
				1B79387724FCDE6F00147AC3 /* Embed App Extensions */,
			);
			buildRules = (
			);
			dependencies = (
				1B79387224FCDE6F00147AC3 /* PBXTargetDependency */,
				1B79388924FDF77100147AC3 /* PBXTargetDependency */,
				1BA6B55224FF35940040B183 /* PBXTargetDependency */,
			);
			name = kbuniform;
			productName = kbuniform;
			productReference = 1B79384B24FC823900147AC3 /* kbuniform.app */;
			productType = "com.apple.product-type.application";
		};
		1B79386B24FCDE6F00147AC3 /* NotificationServiceExtension */ = {
			isa = PBXNativeTarget;
			buildConfigurationList = 1B79387424FCDE6F00147AC3 /* Build configuration list for PBXNativeTarget "NotificationServiceExtension" */;
			buildPhases = (
				AA7E88D3129A4FBAE46C4514 /* [CP] Check Pods Manifest.lock */,
				1B79386824FCDE6F00147AC3 /* Sources */,
				1B79386924FCDE6F00147AC3 /* Frameworks */,
				1B79386A24FCDE6F00147AC3 /* Resources */,
			);
			buildRules = (
			);
			dependencies = (
			);
			name = NotificationServiceExtension;
			productName = NotificationServiceExtension;
			productReference = 1B79386C24FCDE6F00147AC3 /* NotificationServiceExtension.appex */;
			productType = "com.apple.product-type.app-extension";
		};
		1B79387B24FDF77100147AC3 /* NotificationContentExtension */ = {
			isa = PBXNativeTarget;
			buildConfigurationList = 1B79388D24FDF77100147AC3 /* Build configuration list for PBXNativeTarget "NotificationContentExtension" */;
			buildPhases = (
				1B79387824FDF77100147AC3 /* Sources */,
				1B79387924FDF77100147AC3 /* Frameworks */,
				1B79387A24FDF77100147AC3 /* Resources */,
			);
			buildRules = (
			);
			dependencies = (
			);
			name = NotificationContentExtension;
			productName = NotificationContentExtension;
			productReference = 1B79387C24FDF77100147AC3 /* NotificationContentExtension.appex */;
			productType = "com.apple.product-type.app-extension";
		};
		1BA6B54624FF35940040B183 /* Widget */ = {
			isa = PBXNativeTarget;
			buildConfigurationList = 1BA6B55624FF35940040B183 /* Build configuration list for PBXNativeTarget "Widget" */;
			buildPhases = (
				1BA6B54324FF35940040B183 /* Sources */,
				1BA6B54424FF35940040B183 /* Frameworks */,
				1BA6B54524FF35940040B183 /* Resources */,
			);
			buildRules = (
			);
			dependencies = (
			);
			name = Widget;
			productName = Widget;
			productReference = 1BA6B54724FF35940040B183 /* Widget.appex */;
			productType = "com.apple.product-type.app-extension";
		};
/* End PBXNativeTarget section */

/* Begin PBXProject section */
		1B79384324FC823900147AC3 /* Project object */ = {
			isa = PBXProject;
			attributes = {
				LastSwiftUpdateCheck = 1160;
				LastUpgradeCheck = 1160;
				ORGANIZATIONNAME = seokyu;
				TargetAttributes = {
					1B79384A24FC823900147AC3 = {
						CreatedOnToolsVersion = 11.6;
					};
					1B79386B24FCDE6F00147AC3 = {
						CreatedOnToolsVersion = 11.6;
					};
					1B79387B24FDF77100147AC3 = {
						CreatedOnToolsVersion = 11.6;
					};
					1BA6B54624FF35940040B183 = {
						CreatedOnToolsVersion = 11.6;
					};
				};
			};
			buildConfigurationList = 1B79384624FC823900147AC3 /* Build configuration list for PBXProject "kbuniform" */;
			compatibilityVersion = "Xcode 9.3";
			developmentRegion = en;
			hasScannedForEncodings = 0;
			knownRegions = (
				en,
				Base,
			);
			mainGroup = 1B79384224FC823900147AC3;
			productRefGroup = 1B79384C24FC823900147AC3 /* Products */;
			projectDirPath = "";
			projectRoot = "";
			targets = (
				1B79384A24FC823900147AC3 /* kbuniform */,
				1B79386B24FCDE6F00147AC3 /* NotificationServiceExtension */,
				1B79387B24FDF77100147AC3 /* NotificationContentExtension */,
				1BA6B54624FF35940040B183 /* Widget */,
			);
		};
/* End PBXProject section */

/* Begin PBXResourcesBuildPhase section */
		1B79384924FC823900147AC3 /* Resources */ = {
			isa = PBXResourcesBuildPhase;
			buildActionMask = 2147483647;
			files = (
				1B79385E24FC823A00147AC3 /* LaunchScreen.storyboard in Resources */,
				1B79386624FC84DE00147AC3 /* GoogleService-Info.plist in Resources */,
				1B79385B24FC823A00147AC3 /* Assets.xcassets in Resources */,
				1B79385624FC823900147AC3 /* Main.storyboard in Resources */,
			);
			runOnlyForDeploymentPostprocessing = 0;
		};
		1B79386A24FCDE6F00147AC3 /* Resources */ = {
			isa = PBXResourcesBuildPhase;
			buildActionMask = 2147483647;
			files = (
			);
			runOnlyForDeploymentPostprocessing = 0;
		};
		1B79387A24FDF77100147AC3 /* Resources */ = {
			isa = PBXResourcesBuildPhase;
			buildActionMask = 2147483647;
			files = (
				1B79388624FDF77100147AC3 /* MainInterface.storyboard in Resources */,
			);
			runOnlyForDeploymentPostprocessing = 0;
		};
		1BA6B54524FF35940040B183 /* Resources */ = {
			isa = PBXResourcesBuildPhase;
			buildActionMask = 2147483647;
			files = (
				1BA6B54F24FF35940040B183 /* MainInterface.storyboard in Resources */,
			);
			runOnlyForDeploymentPostprocessing = 0;
		};
/* End PBXResourcesBuildPhase section */

/* Begin PBXShellScriptBuildPhase section */
		23D68F0E9F43F6160C03211F /* [CP] Embed Pods Frameworks */ = {
			isa = PBXShellScriptBuildPhase;
			buildActionMask = 2147483647;
			files = (
			);
			inputFileListPaths = (
				"${PODS_ROOT}/Target Support Files/Pods-kbuniform/Pods-kbuniform-frameworks-${CONFIGURATION}-input-files.xcfilelist",
			);
			name = "[CP] Embed Pods Frameworks";
			outputFileListPaths = (
				"${PODS_ROOT}/Target Support Files/Pods-kbuniform/Pods-kbuniform-frameworks-${CONFIGURATION}-output-files.xcfilelist",
			);
			runOnlyForDeploymentPostprocessing = 0;
			shellPath = /bin/sh;
			shellScript = "\"${PODS_ROOT}/Target Support Files/Pods-kbuniform/Pods-kbuniform-frameworks.sh\"\n";
			showEnvVarsInLog = 0;
		};
		444863663D844D035694BB12 /* [CP] Check Pods Manifest.lock */ = {
			isa = PBXShellScriptBuildPhase;
			buildActionMask = 2147483647;
			files = (
			);
			inputFileListPaths = (
			);
			inputPaths = (
				"${PODS_PODFILE_DIR_PATH}/Podfile.lock",
				"${PODS_ROOT}/Manifest.lock",
			);
			name = "[CP] Check Pods Manifest.lock";
			outputFileListPaths = (
			);
			outputPaths = (
				"$(DERIVED_FILE_DIR)/Pods-kbuniform-checkManifestLockResult.txt",
			);
			runOnlyForDeploymentPostprocessing = 0;
			shellPath = /bin/sh;
			shellScript = "diff \"${PODS_PODFILE_DIR_PATH}/Podfile.lock\" \"${PODS_ROOT}/Manifest.lock\" > /dev/null\nif [ $? != 0 ] ; then\n    # print error to STDERR\n    echo \"error: The sandbox is not in sync with the Podfile.lock. Run 'pod install' or update your CocoaPods installation.\" >&2\n    exit 1\nfi\n# This output is used by Xcode 'outputs' to avoid re-running this script phase.\necho \"SUCCESS\" > \"${SCRIPT_OUTPUT_FILE_0}\"\n";
			showEnvVarsInLog = 0;
		};
		AA7E88D3129A4FBAE46C4514 /* [CP] Check Pods Manifest.lock */ = {
			isa = PBXShellScriptBuildPhase;
			buildActionMask = 2147483647;
			files = (
			);
			inputFileListPaths = (
			);
			inputPaths = (
				"${PODS_PODFILE_DIR_PATH}/Podfile.lock",
				"${PODS_ROOT}/Manifest.lock",
			);
			name = "[CP] Check Pods Manifest.lock";
			outputFileListPaths = (
			);
			outputPaths = (
				"$(DERIVED_FILE_DIR)/Pods-NotificationServiceExtension-checkManifestLockResult.txt",
			);
			runOnlyForDeploymentPostprocessing = 0;
			shellPath = /bin/sh;
			shellScript = "diff \"${PODS_PODFILE_DIR_PATH}/Podfile.lock\" \"${PODS_ROOT}/Manifest.lock\" > /dev/null\nif [ $? != 0 ] ; then\n    # print error to STDERR\n    echo \"error: The sandbox is not in sync with the Podfile.lock. Run 'pod install' or update your CocoaPods installation.\" >&2\n    exit 1\nfi\n# This output is used by Xcode 'outputs' to avoid re-running this script phase.\necho \"SUCCESS\" > \"${SCRIPT_OUTPUT_FILE_0}\"\n";
			showEnvVarsInLog = 0;
		};
/* End PBXShellScriptBuildPhase section */

/* Begin PBXSourcesBuildPhase section */
		1B79384724FC823900147AC3 /* Sources */ = {
			isa = PBXSourcesBuildPhase;
			buildActionMask = 2147483647;
			files = (
				1B79385324FC823900147AC3 /* ViewController.swift in Sources */,
				1B79384F24FC823900147AC3 /* AppDelegate.swift in Sources */,
				1B79385124FC823900147AC3 /* SceneDelegate.swift in Sources */,
				1B79385924FC823900147AC3 /* kbuniform.xcdatamodeld in Sources */,
			);
			runOnlyForDeploymentPostprocessing = 0;
		};
		1B79386824FCDE6F00147AC3 /* Sources */ = {
			isa = PBXSourcesBuildPhase;
			buildActionMask = 2147483647;
			files = (
				1B79386F24FCDE6F00147AC3 /* NotificationService.swift in Sources */,
			);
			runOnlyForDeploymentPostprocessing = 0;
		};
		1B79387824FDF77100147AC3 /* Sources */ = {
			isa = PBXSourcesBuildPhase;
			buildActionMask = 2147483647;
			files = (
				1B79388324FDF77100147AC3 /* NotificationViewController.swift in Sources */,
			);
			runOnlyForDeploymentPostprocessing = 0;
		};
		1BA6B54324FF35940040B183 /* Sources */ = {
			isa = PBXSourcesBuildPhase;
			buildActionMask = 2147483647;
			files = (
				1BA6B54C24FF35940040B183 /* TodayViewController.swift in Sources */,
			);
			runOnlyForDeploymentPostprocessing = 0;
		};
/* End PBXSourcesBuildPhase section */

/* Begin PBXTargetDependency section */
		1B79387224FCDE6F00147AC3 /* PBXTargetDependency */ = {
			isa = PBXTargetDependency;
			target = 1B79386B24FCDE6F00147AC3 /* NotificationServiceExtension */;
			targetProxy = 1B79387124FCDE6F00147AC3 /* PBXContainerItemProxy */;
		};
		1B79388924FDF77100147AC3 /* PBXTargetDependency */ = {
			isa = PBXTargetDependency;
			target = 1B79387B24FDF77100147AC3 /* NotificationContentExtension */;
			targetProxy = 1B79388824FDF77100147AC3 /* PBXContainerItemProxy */;
		};
		1BA6B55224FF35940040B183 /* PBXTargetDependency */ = {
			isa = PBXTargetDependency;
			target = 1BA6B54624FF35940040B183 /* Widget */;
			targetProxy = 1BA6B55124FF35940040B183 /* PBXContainerItemProxy */;
		};
/* End PBXTargetDependency section */

/* Begin PBXVariantGroup section */
		1B79385424FC823900147AC3 /* Main.storyboard */ = {
			isa = PBXVariantGroup;
			children = (
				1B79385524FC823900147AC3 /* Base */,
			);
			name = Main.storyboard;
			sourceTree = "<group>";
		};
		1B79385C24FC823A00147AC3 /* LaunchScreen.storyboard */ = {
			isa = PBXVariantGroup;
			children = (
				1B79385D24FC823A00147AC3 /* Base */,
			);
			name = LaunchScreen.storyboard;
			sourceTree = "<group>";
		};
		1B79388424FDF77100147AC3 /* MainInterface.storyboard */ = {
			isa = PBXVariantGroup;
			children = (
				1B79388524FDF77100147AC3 /* Base */,
			);
			name = MainInterface.storyboard;
			sourceTree = "<group>";
		};
		1BA6B54D24FF35940040B183 /* MainInterface.storyboard */ = {
			isa = PBXVariantGroup;
			children = (
				1BA6B54E24FF35940040B183 /* Base */,
			);
			name = MainInterface.storyboard;
			sourceTree = "<group>";
		};
/* End PBXVariantGroup section */

/* Begin XCBuildConfiguration section */
		1B79386024FC823A00147AC3 /* Debug */ = {
			isa = XCBuildConfiguration;
			buildSettings = {
				ALWAYS_SEARCH_USER_PATHS = NO;
				CLANG_ANALYZER_NONNULL = YES;
				CLANG_ANALYZER_NUMBER_OBJECT_CONVERSION = YES_AGGRESSIVE;
				CLANG_CXX_LANGUAGE_STANDARD = "gnu++14";
				CLANG_CXX_LIBRARY = "libc++";
				CLANG_ENABLE_MODULES = YES;
				CLANG_ENABLE_OBJC_ARC = YES;
				CLANG_ENABLE_OBJC_WEAK = YES;
				CLANG_WARN_BLOCK_CAPTURE_AUTORELEASING = YES;
				CLANG_WARN_BOOL_CONVERSION = YES;
				CLANG_WARN_COMMA = YES;
				CLANG_WARN_CONSTANT_CONVERSION = YES;
				CLANG_WARN_DEPRECATED_OBJC_IMPLEMENTATIONS = YES;
				CLANG_WARN_DIRECT_OBJC_ISA_USAGE = YES_ERROR;
				CLANG_WARN_DOCUMENTATION_COMMENTS = YES;
				CLANG_WARN_EMPTY_BODY = YES;
				CLANG_WARN_ENUM_CONVERSION = YES;
				CLANG_WARN_INFINITE_RECURSION = YES;
				CLANG_WARN_INT_CONVERSION = YES;
				CLANG_WARN_NON_LITERAL_NULL_CONVERSION = YES;
				CLANG_WARN_OBJC_IMPLICIT_RETAIN_SELF = YES;
				CLANG_WARN_OBJC_LITERAL_CONVERSION = YES;
				CLANG_WARN_OBJC_ROOT_CLASS = YES_ERROR;
				CLANG_WARN_RANGE_LOOP_ANALYSIS = YES;
				CLANG_WARN_STRICT_PROTOTYPES = YES;
				CLANG_WARN_SUSPICIOUS_MOVE = YES;
				CLANG_WARN_UNGUARDED_AVAILABILITY = YES_AGGRESSIVE;
				CLANG_WARN_UNREACHABLE_CODE = YES;
				CLANG_WARN__DUPLICATE_METHOD_MATCH = YES;
				COPY_PHASE_STRIP = NO;
				DEBUG_INFORMATION_FORMAT = dwarf;
				ENABLE_STRICT_OBJC_MSGSEND = YES;
				ENABLE_TESTABILITY = YES;
				GCC_C_LANGUAGE_STANDARD = gnu11;
				GCC_DYNAMIC_NO_PIC = NO;
				GCC_NO_COMMON_BLOCKS = YES;
				GCC_OPTIMIZATION_LEVEL = 0;
				GCC_PREPROCESSOR_DEFINITIONS = (
					"DEBUG=1",
					"$(inherited)",
				);
				GCC_WARN_64_TO_32_BIT_CONVERSION = YES;
				GCC_WARN_ABOUT_RETURN_TYPE = YES_ERROR;
				GCC_WARN_UNDECLARED_SELECTOR = YES;
				GCC_WARN_UNINITIALIZED_AUTOS = YES_AGGRESSIVE;
				GCC_WARN_UNUSED_FUNCTION = YES;
				GCC_WARN_UNUSED_VARIABLE = YES;
				IPHONEOS_DEPLOYMENT_TARGET = 13.6;
				MTL_ENABLE_DEBUG_INFO = INCLUDE_SOURCE;
				MTL_FAST_MATH = YES;
				ONLY_ACTIVE_ARCH = YES;
				SDKROOT = iphoneos;
				SWIFT_ACTIVE_COMPILATION_CONDITIONS = DEBUG;
				SWIFT_OPTIMIZATION_LEVEL = "-Onone";
			};
			name = Debug;
		};
		1B79386124FC823A00147AC3 /* Release */ = {
			isa = XCBuildConfiguration;
			buildSettings = {
				ALWAYS_SEARCH_USER_PATHS = NO;
				CLANG_ANALYZER_NONNULL = YES;
				CLANG_ANALYZER_NUMBER_OBJECT_CONVERSION = YES_AGGRESSIVE;
				CLANG_CXX_LANGUAGE_STANDARD = "gnu++14";
				CLANG_CXX_LIBRARY = "libc++";
				CLANG_ENABLE_MODULES = YES;
				CLANG_ENABLE_OBJC_ARC = YES;
				CLANG_ENABLE_OBJC_WEAK = YES;
				CLANG_WARN_BLOCK_CAPTURE_AUTORELEASING = YES;
				CLANG_WARN_BOOL_CONVERSION = YES;
				CLANG_WARN_COMMA = YES;
				CLANG_WARN_CONSTANT_CONVERSION = YES;
				CLANG_WARN_DEPRECATED_OBJC_IMPLEMENTATIONS = YES;
				CLANG_WARN_DIRECT_OBJC_ISA_USAGE = YES_ERROR;
				CLANG_WARN_DOCUMENTATION_COMMENTS = YES;
				CLANG_WARN_EMPTY_BODY = YES;
				CLANG_WARN_ENUM_CONVERSION = YES;
				CLANG_WARN_INFINITE_RECURSION = YES;
				CLANG_WARN_INT_CONVERSION = YES;
				CLANG_WARN_NON_LITERAL_NULL_CONVERSION = YES;
				CLANG_WARN_OBJC_IMPLICIT_RETAIN_SELF = YES;
				CLANG_WARN_OBJC_LITERAL_CONVERSION = YES;
				CLANG_WARN_OBJC_ROOT_CLASS = YES_ERROR;
				CLANG_WARN_RANGE_LOOP_ANALYSIS = YES;
				CLANG_WARN_STRICT_PROTOTYPES = YES;
				CLANG_WARN_SUSPICIOUS_MOVE = YES;
				CLANG_WARN_UNGUARDED_AVAILABILITY = YES_AGGRESSIVE;
				CLANG_WARN_UNREACHABLE_CODE = YES;
				CLANG_WARN__DUPLICATE_METHOD_MATCH = YES;
				COPY_PHASE_STRIP = NO;
				DEBUG_INFORMATION_FORMAT = "dwarf-with-dsym";
				ENABLE_NS_ASSERTIONS = NO;
				ENABLE_STRICT_OBJC_MSGSEND = YES;
				GCC_C_LANGUAGE_STANDARD = gnu11;
				GCC_NO_COMMON_BLOCKS = YES;
				GCC_WARN_64_TO_32_BIT_CONVERSION = YES;
				GCC_WARN_ABOUT_RETURN_TYPE = YES_ERROR;
				GCC_WARN_UNDECLARED_SELECTOR = YES;
				GCC_WARN_UNINITIALIZED_AUTOS = YES_AGGRESSIVE;
				GCC_WARN_UNUSED_FUNCTION = YES;
				GCC_WARN_UNUSED_VARIABLE = YES;
				IPHONEOS_DEPLOYMENT_TARGET = 13.6;
				MTL_ENABLE_DEBUG_INFO = NO;
				MTL_FAST_MATH = YES;
				SDKROOT = iphoneos;
				SWIFT_COMPILATION_MODE = wholemodule;
				SWIFT_OPTIMIZATION_LEVEL = "-O";
				VALIDATE_PRODUCT = YES;
			};
			name = Release;
		};
		1B79386324FC823A00147AC3 /* Debug */ = {
			isa = XCBuildConfiguration;
			baseConfigurationReference = F23553B7E6A530563CCD18EC /* Pods-kbuniform.debug.xcconfig */;
			buildSettings = {
				ALWAYS_EMBED_SWIFT_STANDARD_LIBRARIES = YES;
				ASSETCATALOG_COMPILER_APPICON_NAME = AppIcon;
				CODE_SIGN_ENTITLEMENTS = kbuniform/kbuniform.entitlements;
				CODE_SIGN_STYLE = Automatic;
				DEVELOPMENT_TEAM = 9P6WAX9VN5;
				INFOPLIST_FILE = kbuniform/Info.plist;
				IPHONEOS_DEPLOYMENT_TARGET = 10.0;
				LD_RUNPATH_SEARCH_PATHS = (
					"$(inherited)",
					"@executable_path/Frameworks",
				);
				PRODUCT_BUNDLE_IDENTIFIER = kr.seokyu.kbuniform;
				PRODUCT_NAME = "$(TARGET_NAME)";
				SWIFT_VERSION = 5.0;
				TARGETED_DEVICE_FAMILY = 1;
			};
			name = Debug;
		};
		1B79386424FC823A00147AC3 /* Release */ = {
			isa = XCBuildConfiguration;
			baseConfigurationReference = 0CE18FDE6D763890EB86C11D /* Pods-kbuniform.release.xcconfig */;
			buildSettings = {
				ALWAYS_EMBED_SWIFT_STANDARD_LIBRARIES = YES;
				ASSETCATALOG_COMPILER_APPICON_NAME = AppIcon;
				CODE_SIGN_ENTITLEMENTS = kbuniform/kbuniform.entitlements;
				CODE_SIGN_STYLE = Automatic;
				DEVELOPMENT_TEAM = 9P6WAX9VN5;
				INFOPLIST_FILE = kbuniform/Info.plist;
				IPHONEOS_DEPLOYMENT_TARGET = 10.0;
				LD_RUNPATH_SEARCH_PATHS = (
					"$(inherited)",
					"@executable_path/Frameworks",
				);
				PRODUCT_BUNDLE_IDENTIFIER = kr.seokyu.kbuniform;
				PRODUCT_NAME = "$(TARGET_NAME)";
				SWIFT_VERSION = 5.0;
				TARGETED_DEVICE_FAMILY = 1;
			};
			name = Release;
		};
		1B79387524FCDE6F00147AC3 /* Debug */ = {
			isa = XCBuildConfiguration;
			baseConfigurationReference = 548BA2D8FA30404DA76DF697 /* Pods-NotificationServiceExtension.debug.xcconfig */;
			buildSettings = {
				CODE_SIGN_STYLE = Automatic;
				DEVELOPMENT_TEAM = 9P6WAX9VN5;
				INFOPLIST_FILE = NotificationServiceExtension/Info.plist;
				LD_RUNPATH_SEARCH_PATHS = (
					"$(inherited)",
					"@executable_path/Frameworks",
					"@executable_path/../../Frameworks",
				);
				PRODUCT_BUNDLE_IDENTIFIER = kr.seokyu.kbuniform.NotificationServiceExtension;
				PRODUCT_NAME = "$(TARGET_NAME)";
				SKIP_INSTALL = YES;
				SWIFT_VERSION = 5.0;
				TARGETED_DEVICE_FAMILY = "1,2";
			};
			name = Debug;
		};
		1B79387624FCDE6F00147AC3 /* Release */ = {
			isa = XCBuildConfiguration;
			baseConfigurationReference = B95F746416C689F2793C6CF8 /* Pods-NotificationServiceExtension.release.xcconfig */;
			buildSettings = {
				CODE_SIGN_STYLE = Automatic;
				DEVELOPMENT_TEAM = 9P6WAX9VN5;
				INFOPLIST_FILE = NotificationServiceExtension/Info.plist;
				LD_RUNPATH_SEARCH_PATHS = (
					"$(inherited)",
					"@executable_path/Frameworks",
					"@executable_path/../../Frameworks",
				);
				PRODUCT_BUNDLE_IDENTIFIER = kr.seokyu.kbuniform.NotificationServiceExtension;
				PRODUCT_NAME = "$(TARGET_NAME)";
				SKIP_INSTALL = YES;
				SWIFT_VERSION = 5.0;
				TARGETED_DEVICE_FAMILY = "1,2";
			};
			name = Release;
		};
		1B79388B24FDF77100147AC3 /* Debug */ = {
			isa = XCBuildConfiguration;
			buildSettings = {
				CODE_SIGN_STYLE = Automatic;
				DEVELOPMENT_TEAM = 9P6WAX9VN5;
				INFOPLIST_FILE = NotificationContentExtension/Info.plist;
				LD_RUNPATH_SEARCH_PATHS = (
					"$(inherited)",
					"@executable_path/Frameworks",
					"@executable_path/../../Frameworks",
				);
				PRODUCT_BUNDLE_IDENTIFIER = kr.seokyu.kbuniform.NotificationContentExtension;
				PRODUCT_NAME = "$(TARGET_NAME)";
				SKIP_INSTALL = YES;
				SWIFT_VERSION = 5.0;
				TARGETED_DEVICE_FAMILY = "1,2";
			};
			name = Debug;
		};
		1B79388C24FDF77100147AC3 /* Release */ = {
			isa = XCBuildConfiguration;
			buildSettings = {
				CODE_SIGN_STYLE = Automatic;
				DEVELOPMENT_TEAM = 9P6WAX9VN5;
				INFOPLIST_FILE = NotificationContentExtension/Info.plist;
				LD_RUNPATH_SEARCH_PATHS = (
					"$(inherited)",
					"@executable_path/Frameworks",
					"@executable_path/../../Frameworks",
				);
				PRODUCT_BUNDLE_IDENTIFIER = kr.seokyu.kbuniform.NotificationContentExtension;
				PRODUCT_NAME = "$(TARGET_NAME)";
				SKIP_INSTALL = YES;
				SWIFT_VERSION = 5.0;
				TARGETED_DEVICE_FAMILY = "1,2";
			};
			name = Release;
		};
		1BA6B55424FF35940040B183 /* Debug */ = {
			isa = XCBuildConfiguration;
			buildSettings = {
				CODE_SIGN_STYLE = Automatic;
				DEVELOPMENT_TEAM = 9P6WAX9VN5;
				INFOPLIST_FILE = Widget/Info.plist;
				LD_RUNPATH_SEARCH_PATHS = (
					"$(inherited)",
					"@executable_path/Frameworks",
					"@executable_path/../../Frameworks",
				);
				PRODUCT_BUNDLE_IDENTIFIER = kr.seokyu.kbuniform.Widget;
				PRODUCT_NAME = "$(TARGET_NAME)";
				SKIP_INSTALL = YES;
				SWIFT_VERSION = 5.0;
				TARGETED_DEVICE_FAMILY = "1,2";
			};
			name = Debug;
		};
		1BA6B55524FF35940040B183 /* Release */ = {
			isa = XCBuildConfiguration;
			buildSettings = {
				CODE_SIGN_STYLE = Automatic;
				DEVELOPMENT_TEAM = 9P6WAX9VN5;
				INFOPLIST_FILE = Widget/Info.plist;
				LD_RUNPATH_SEARCH_PATHS = (
					"$(inherited)",
					"@executable_path/Frameworks",
					"@executable_path/../../Frameworks",
				);
				PRODUCT_BUNDLE_IDENTIFIER = kr.seokyu.kbuniform.Widget;
				PRODUCT_NAME = "$(TARGET_NAME)";
				SKIP_INSTALL = YES;
				SWIFT_VERSION = 5.0;
				TARGETED_DEVICE_FAMILY = "1,2";
			};
			name = Release;
		};
/* End XCBuildConfiguration section */

/* Begin XCConfigurationList section */
		1B79384624FC823900147AC3 /* Build configuration list for PBXProject "kbuniform" */ = {
			isa = XCConfigurationList;
			buildConfigurations = (
				1B79386024FC823A00147AC3 /* Debug */,
				1B79386124FC823A00147AC3 /* Release */,
			);
			defaultConfigurationIsVisible = 0;
			defaultConfigurationName = Release;
		};
		1B79386224FC823A00147AC3 /* Build configuration list for PBXNativeTarget "kbuniform" */ = {
			isa = XCConfigurationList;
			buildConfigurations = (
				1B79386324FC823A00147AC3 /* Debug */,
				1B79386424FC823A00147AC3 /* Release */,
			);
			defaultConfigurationIsVisible = 0;
			defaultConfigurationName = Release;
		};
		1B79387424FCDE6F00147AC3 /* Build configuration list for PBXNativeTarget "NotificationServiceExtension" */ = {
			isa = XCConfigurationList;
			buildConfigurations = (
				1B79387524FCDE6F00147AC3 /* Debug */,
				1B79387624FCDE6F00147AC3 /* Release */,
			);
			defaultConfigurationIsVisible = 0;
			defaultConfigurationName = Release;
		};
		1B79388D24FDF77100147AC3 /* Build configuration list for PBXNativeTarget "NotificationContentExtension" */ = {
			isa = XCConfigurationList;
			buildConfigurations = (
				1B79388B24FDF77100147AC3 /* Debug */,
				1B79388C24FDF77100147AC3 /* Release */,
			);
			defaultConfigurationIsVisible = 0;
			defaultConfigurationName = Release;
		};
		1BA6B55624FF35940040B183 /* Build configuration list for PBXNativeTarget "Widget" */ = {
			isa = XCConfigurationList;
			buildConfigurations = (
				1BA6B55424FF35940040B183 /* Debug */,
				1BA6B55524FF35940040B183 /* Release */,
			);
			defaultConfigurationIsVisible = 0;
			defaultConfigurationName = Release;
		};
/* End XCConfigurationList section */

/* Begin XCVersionGroup section */
		1B79385724FC823900147AC3 /* kbuniform.xcdatamodeld */ = {
			isa = XCVersionGroup;
			children = (
				1B79385824FC823900147AC3 /* kbuniform.xcdatamodel */,
			);
			currentVersion = 1B79385824FC823900147AC3 /* kbuniform.xcdatamodel */;
			path = kbuniform.xcdatamodeld;
			sourceTree = "<group>";
			versionGroupType = wrapper.xcdatamodel;
		};
/* End XCVersionGroup section */
	};
	rootObject = 1B79384324FC823900147AC3 /* Project object */;
}
